<?xml version="1.0" encoding="utf-8"?>
<Project ToolsVersion="4.0" xmlns="http://schemas.microsoft.com/developer/msbuild/2003">
  <ItemGroup>
    <Filter Include="Source Files">
      <UniqueIdentifier>{4FC737F1-C7A5-4376-A066-2A32D752A2FF}</UniqueIdentifier>
      <Extensions>cpp;c;cc;cxx;c++;cppm;ixx;def;odl;idl;hpj;bat;asm;asmx</Extensions>
    </Filter>
    <Filter Include="Header Files">
      <UniqueIdentifier>{93995380-89BD-4b04-88EB-625FBE52EBFB}</UniqueIdentifier>
      <Extensions>h;hh;hpp;hxx;h++;hm;inl;inc;ipp;xsd</Extensions>
    </Filter>
    <Filter Include="Resource Files">
      <UniqueIdentifier>{67DA6AB6-F800-4c08-8B7A-83BB121AAD01}</UniqueIdentifier>
      <Extensions>rc;ico;cur;bmp;dlg;rc2;rct;bin;rgs;gif;jpg;jpeg;jpe;resx;tiff;tif;png;wav;mfcribbon-ms</Extensions>
    </Filter>
  </ItemGroup>
  <ItemGroup>
    <ClCompile Include="MapCompiler.cpp">
      <Filter>Source Files</Filter>
    </ClCompile>
    <ClCompile Include="CToken.cpp">
      <Filter>Source Files</Filter>
    </ClCompile>
    <ClCompile Include="CDebugLog.cpp">
      <Filter>Source Files</Filter>
    </ClCompile>
    <ClCompile Include="CPlane.cpp">
      <Filter>Source Files</Filter>
    </ClCompile>
    <ClCompile Include="CCollision.cpp">
      <Filter>Source Files</Filter>
    </ClCompile>
    <ClCompile Include="CLine3D.cpp">
      <Filter>Source Files</Filter>
    </ClCompile>
    <ClCompile Include="CShaderMaterial.cpp">
      <Filter>Source Files</Filter>
    </ClCompile>
  </ItemGroup>
  <ItemGroup>
    <ClInclude Include="CToken.h">
      <Filter>Header Files</Filter>
    </ClInclude>
    <ClInclude Include="CDebugLog.h">
      <Filter>Header Files</Filter>
    </ClInclude>
    <ClInclude Include="CPlane.h">
      <Filter>Header Files</Filter>
    </ClInclude>
    <ClInclude Include="CCollision.h">
      <Filter>Header Files</Filter>
    </ClInclude>
    <ClInclude Include="CLine3D.h">
      <Filter>Header Files</Filter>
    </ClInclude>
    <ClInclude Include="CShaderMaterial.h">
      <Filter>Header Files</Filter>
    </ClInclude>
    <ClInclude Include="framework.h">
      <Filter>Header Files</Filter>
    </ClInclude>
    <ClInclude Include="targetver.h">
      <Filter>Header Files</Filter>
    </ClInclude>
  </ItemGroup>
  <ItemGroup>
    <None Include="box.obj">
      <Filter>Resource Files</Filter>
    </None>
    <None Include="box.mtl">
      <Filter>Resource Files</Filter>
    </None>
  </ItemGroup>
  <ItemGroup>
    <Text Include="debugLog.txt">
      <Filter>Resource Files</Filter>
    </Text>
  </ItemGroup>
  <ItemGroup>
    <Object Include="..\GameCommon\GameCommon\x64\Release\CBmpImage.obj" />
    <Object Include="..\GameCommon\GameCommon\x64\Release\CColor.obj" />
    <Object Include="..\GameCommon\GameCommon\x64\Release\CComError.obj" />
    <Object Include="..\GameCommon\GameCommon\x64\Release\CDirectoryList.obj" />
    <Object Include="..\GameCommon\GameCommon\x64\Release\CDXGIError.obj" />
    <Object Include="..\GameCommon\GameCommon\x64\Release\CDXGIErrorItem.obj" />
    <Object Include="..\GameCommon\GameCommon\x64\Release\CErrorLog.obj" />
    <Object Include="..\GameCommon\GameCommon\x64\Release\CHeapAllocator.obj" />
    <Object Include="..\GameCommon\GameCommon\x64\Release\CHeapArray.obj" />
    <Object Include="..\GameCommon\GameCommon\x64\Release\CLinkList.obj" />
    <Object Include="..\GameCommon\GameCommon\x64\Release\CLinkListNode.obj" />
    <Object Include="..\GameCommon\GameCommon\x64\Release\CString.obj" />
    <Object Include="..\GameCommon\GameCommon\x64\Release\CTgaImage.obj" />
    <Object Include="..\GameCommon\GameCommon\x64\Release\CVec2f.obj" />
    <Object Include="..\GameCommon\GameCommon\x64\Release\CVec3f.obj" />
    <Object Include="..\GameCommon\GameCommon\x64\Release\CVertex2.obj" />
    <Object Include="..\GameCommon\GameCommon\x64\Release\CVertex2D.obj" />
    <Object Include="..\GameCommon\GameCommon\x64\Release\CVertexNT.obj" />
    <Object Include="..\GameCommon\GameCommon\x64\Release\CVertexRGBA.obj" />
    <Object Include="..\GameCommon\GameCommon\x64\Release\CVertexT.obj" />
    <Object Include="..\GameCommon\GameCommon\x64\Release\CWinsockError.obj" />
    <Object Include="..\GameCommon\GameCommon\x64\Release\CWinsockErrorItem.obj" />
    <Object Include="..\GameCommon\GameCommon\x64\Release\CXAudio2Error.obj" />
    <Object Include="..\GameCommon\GameCommon\x64\Release\CXAudio2ErrorItem.obj" />
  </ItemGroup>
</Project>